
Microsoft Visual Studio Solution File, Format Version 12.00
# Visual Studio 15
VisualStudioVersion = 15.0.28307.1340
MinimumVisualStudioVersion = 10.0.40219.1
Project("{FAE04EC0-301F-11D3-BF4B-00C04F79EFBC}") = "webapi", "webapi\webapi.csproj", "{AFD71908-4EB9-48BF-9516-997E4C5E3E50}"
EndProject
Global
	GlobalSection(SolutionConfigurationPlatforms) = preSolution
		Debug|Any CPU = Debug|Any CPU
		Release|Any CPU = Release|Any CPU
	EndGlobalSection
	GlobalSection(ProjectConfigurationPlatforms) = postSolution
		{AFD71908-4EB9-48BF-9516-997E4C5E3E50}.Debug|Any CPU.ActiveCfg = Debug|Any CPU
		{AFD71908-4EB9-48BF-9516-997E4C5E3E50}.Debug|Any CPU.Build.0 = Debug|Any CPU
		{AFD71908-4EB9-48BF-9516-997E4C5E3E50}.Release|Any CPU.ActiveCfg = Release|Any CPU
		{AFD71908-4EB9-48BF-9516-997E4C5E3E50}.Release|Any CPU.Build.0 = Release|Any CPU
	EndGlobalSection
	GlobalSection(SolutionProperties) = preSolution
		HideSolutionNode = FALSE
	EndGlobalSection
	GlobalSection(ExtensibilityGlobals) = postSolution
		SolutionGuid = {12180FBA-E3EB-40F3-B9EB-72C766004539}
	EndGlobalSection
EndGlobal
